
Microsoft Visual Studio Solution File, Format Version 12.00
# Visual Studio 2013
VisualStudioVersion = 12.0.31101.0
MinimumVisualStudioVersion = 10.0.40219.1
Project("{FAE04EC0-301F-11D3-BF4B-00C04F79EFBC}") = "CustomersRegistry", "CustomersRegistry\CustomersRegistry.csproj", "{948824C9-4201-4692-A3B7-368D649B5037}"
EndProject
Project("{FAE04EC0-301F-11D3-BF4B-00C04F79EFBC}") = "Contracts", "Contracts\Contracts.csproj", "{7D408F81-CF50-4EF3-9E54-A450C562678C}"
EndProject
Project("{FAE04EC0-301F-11D3-BF4B-00C04F79EFBC}") = "Presenters", "Presenters\Presenters.csproj", "{8F0DDC77-4571-49E6-A1C5-32D22FEA0C22}"
EndProject
Project("{FAE04EC0-301F-11D3-BF4B-00C04F79EFBC}") = "LoggingPresenters", "LoggingPresenters\LoggingPresenters.csproj", "{785D7309-6808-474F-9090-8B5D6D8E28BD}"
EndProject
Project("{FAE04EC0-301F-11D3-BF4B-00C04F79EFBC}") = "LoggingPresenter2", "LoggingPresenter2\LoggingPresenter2.csproj", "{9BC46DDE-A31D-4F1D-A051-44E3539B02C8}"
	ProjectSection(ProjectDependencies) = postProject
		{8F0DDC77-4571-49E6-A1C5-32D22FEA0C22} = {8F0DDC77-4571-49E6-A1C5-32D22FEA0C22}
	EndProjectSection
EndProject
Global
	GlobalSection(SolutionConfigurationPlatforms) = preSolution
		Debug|Any CPU = Debug|Any CPU
		Release|Any CPU = Release|Any CPU
	EndGlobalSection
	GlobalSection(ProjectConfigurationPlatforms) = postSolution
		{948824C9-4201-4692-A3B7-368D649B5037}.Debug|Any CPU.ActiveCfg = Debug|Any CPU
		{948824C9-4201-4692-A3B7-368D649B5037}.Debug|Any CPU.Build.0 = Debug|Any CPU
		{948824C9-4201-4692-A3B7-368D649B5037}.Release|Any CPU.ActiveCfg = Release|Any CPU
		{948824C9-4201-4692-A3B7-368D649B5037}.Release|Any CPU.Build.0 = Release|Any CPU
		{7D408F81-CF50-4EF3-9E54-A450C562678C}.Debug|Any CPU.ActiveCfg = Debug|Any CPU
		{7D408F81-CF50-4EF3-9E54-A450C562678C}.Debug|Any CPU.Build.0 = Debug|Any CPU
		{7D408F81-CF50-4EF3-9E54-A450C562678C}.Release|Any CPU.ActiveCfg = Release|Any CPU
		{7D408F81-CF50-4EF3-9E54-A450C562678C}.Release|Any CPU.Build.0 = Release|Any CPU
		{8F0DDC77-4571-49E6-A1C5-32D22FEA0C22}.Debug|Any CPU.ActiveCfg = Debug|Any CPU
		{8F0DDC77-4571-49E6-A1C5-32D22FEA0C22}.Debug|Any CPU.Build.0 = Debug|Any CPU
		{8F0DDC77-4571-49E6-A1C5-32D22FEA0C22}.Release|Any CPU.ActiveCfg = Release|Any CPU
		{8F0DDC77-4571-49E6-A1C5-32D22FEA0C22}.Release|Any CPU.Build.0 = Release|Any CPU
		{785D7309-6808-474F-9090-8B5D6D8E28BD}.Debug|Any CPU.ActiveCfg = Debug|Any CPU
		{785D7309-6808-474F-9090-8B5D6D8E28BD}.Debug|Any CPU.Build.0 = Debug|Any CPU
		{785D7309-6808-474F-9090-8B5D6D8E28BD}.Release|Any CPU.ActiveCfg = Release|Any CPU
		{785D7309-6808-474F-9090-8B5D6D8E28BD}.Release|Any CPU.Build.0 = Release|Any CPU
		{9BC46DDE-A31D-4F1D-A051-44E3539B02C8}.Debug|Any CPU.ActiveCfg = Debug|Any CPU
		{9BC46DDE-A31D-4F1D-A051-44E3539B02C8}.Debug|Any CPU.Build.0 = Debug|Any CPU
		{9BC46DDE-A31D-4F1D-A051-44E3539B02C8}.Release|Any CPU.ActiveCfg = Release|Any CPU
		{9BC46DDE-A31D-4F1D-A051-44E3539B02C8}.Release|Any CPU.Build.0 = Release|Any CPU
	EndGlobalSection
	GlobalSection(SolutionProperties) = preSolution
		HideSolutionNode = FALSE
	EndGlobalSection
EndGlobal
